
Microsoft Visual Studio Solution File, Format Version 12.00
# Visual Studio Version 17
VisualStudioVersion = 17.3.32929.385
MinimumVisualStudioVersion = 10.0.40219.1
Project("{FAE04EC0-301F-11D3-BF4B-00C04F79EFBC}") = "WindowsFormsAppButtonPicture", "WindowsFormsAppButtonPicture\WindowsFormsAppButtonPicture.csproj", "{FD444967-B942-4F02-AEB4-BB6B23A5E2F2}"
EndProject
Global
	GlobalSection(SolutionConfigurationPlatforms) = preSolution
		Debug|Any CPU = Debug|Any CPU
		Release|Any CPU = Release|Any CPU
	EndGlobalSection
	GlobalSection(ProjectConfigurationPlatforms) = postSolution
		{FD444967-B942-4F02-AEB4-BB6B23A5E2F2}.Debug|Any CPU.ActiveCfg = Debug|Any CPU
		{FD444967-B942-4F02-AEB4-BB6B23A5E2F2}.Debug|Any CPU.Build.0 = Debug|Any CPU
		{FD444967-B942-4F02-AEB4-BB6B23A5E2F2}.Release|Any CPU.ActiveCfg = Release|Any CPU
		{FD444967-B942-4F02-AEB4-BB6B23A5E2F2}.Release|Any CPU.Build.0 = Release|Any CPU
	EndGlobalSection
	GlobalSection(SolutionProperties) = preSolution
		HideSolutionNode = FALSE
	EndGlobalSection
	GlobalSection(ExtensibilityGlobals) = postSolution
		SolutionGuid = {02EDA37D-FA7A-46EA-9D2E-35CF56B6D2C8}
	EndGlobalSection
EndGlobal
